
Microsoft Visual Studio Solution File, Format Version 12.00
# Visual Studio 15
VisualStudioVersion = 15.0.27428.2011
MinimumVisualStudioVersion = 10.0.40219.1
Project("{FAE04EC0-301F-11D3-BF4B-00C04F79EFBC}") = "BlogHomekit.Web", "BlogHomekit.Web\BlogHomekit.Web.csproj", "{323109D7-07CB-4A80-9281-B92AB68F2C7F}"
EndProject
Project("{FAE04EC0-301F-11D3-BF4B-00C04F79EFBC}") = "BlogHomekit.Model", "BlogHomekit.Model\BlogHomekit.Model.csproj", "{CDF6A23A-34A3-4EBD-8075-D44C1FCCD657}"
EndProject
Project("{FAE04EC0-301F-11D3-BF4B-00C04F79EFBC}") = "BlogHomekit.Datos", "BlogHomekit.Datos\BlogHomekit.Datos.csproj", "{4583D679-8C27-4709-8A3D-9E8904794C02}"
EndProject
Project("{FAE04EC0-301F-11D3-BF4B-00C04F79EFBC}") = "BlogHomekit.Services", "BlogHomekit.Services\BlogHomekit.Services.csproj", "{948E96ED-EC51-4A27-A14E-CB16B70F5C7B}"
EndProject
Global
	GlobalSection(SolutionConfigurationPlatforms) = preSolution
		Debug|Any CPU = Debug|Any CPU
		Release|Any CPU = Release|Any CPU
	EndGlobalSection
	GlobalSection(ProjectConfigurationPlatforms) = postSolution
		{323109D7-07CB-4A80-9281-B92AB68F2C7F}.Debug|Any CPU.ActiveCfg = Debug|Any CPU
		{323109D7-07CB-4A80-9281-B92AB68F2C7F}.Debug|Any CPU.Build.0 = Debug|Any CPU
		{323109D7-07CB-4A80-9281-B92AB68F2C7F}.Release|Any CPU.ActiveCfg = Release|Any CPU
		{323109D7-07CB-4A80-9281-B92AB68F2C7F}.Release|Any CPU.Build.0 = Release|Any CPU
		{CDF6A23A-34A3-4EBD-8075-D44C1FCCD657}.Debug|Any CPU.ActiveCfg = Debug|Any CPU
		{CDF6A23A-34A3-4EBD-8075-D44C1FCCD657}.Debug|Any CPU.Build.0 = Debug|Any CPU
		{CDF6A23A-34A3-4EBD-8075-D44C1FCCD657}.Release|Any CPU.ActiveCfg = Release|Any CPU
		{CDF6A23A-34A3-4EBD-8075-D44C1FCCD657}.Release|Any CPU.Build.0 = Release|Any CPU
		{4583D679-8C27-4709-8A3D-9E8904794C02}.Debug|Any CPU.ActiveCfg = Debug|Any CPU
		{4583D679-8C27-4709-8A3D-9E8904794C02}.Debug|Any CPU.Build.0 = Debug|Any CPU
		{4583D679-8C27-4709-8A3D-9E8904794C02}.Release|Any CPU.ActiveCfg = Release|Any CPU
		{4583D679-8C27-4709-8A3D-9E8904794C02}.Release|Any CPU.Build.0 = Release|Any CPU
		{948E96ED-EC51-4A27-A14E-CB16B70F5C7B}.Debug|Any CPU.ActiveCfg = Debug|Any CPU
		{948E96ED-EC51-4A27-A14E-CB16B70F5C7B}.Debug|Any CPU.Build.0 = Debug|Any CPU
		{948E96ED-EC51-4A27-A14E-CB16B70F5C7B}.Release|Any CPU.ActiveCfg = Release|Any CPU
		{948E96ED-EC51-4A27-A14E-CB16B70F5C7B}.Release|Any CPU.Build.0 = Release|Any CPU
	EndGlobalSection
	GlobalSection(SolutionProperties) = preSolution
		HideSolutionNode = FALSE
	EndGlobalSection
	GlobalSection(ExtensibilityGlobals) = postSolution
		SolutionGuid = {099D35DE-DD93-4324-AF51-E3947345DBFD}
	EndGlobalSection
EndGlobal
